
Microsoft Visual Studio Solution File, Format Version 12.00
# Visual Studio Version 17
VisualStudioVersion = 17.11.35327.3
MinimumVisualStudioVersion = 10.0.40219.1
Project("{FAE04EC0-301F-11D3-BF4B-00C04F79EFBC}") = "ProySimuRed", "ProySimuRed\ProySimuRed.csproj", "{19E686CA-95D1-45EC-8EBE-A8B7E0E8D642}"
EndProject
Global
	GlobalSection(SolutionConfigurationPlatforms) = preSolution
		Debug|Any CPU = Debug|Any CPU
		Release|Any CPU = Release|Any CPU
	EndGlobalSection
	GlobalSection(ProjectConfigurationPlatforms) = postSolution
		{19E686CA-95D1-45EC-8EBE-A8B7E0E8D642}.Debug|Any CPU.ActiveCfg = Debug|Any CPU
		{19E686CA-95D1-45EC-8EBE-A8B7E0E8D642}.Debug|Any CPU.Build.0 = Debug|Any CPU
		{19E686CA-95D1-45EC-8EBE-A8B7E0E8D642}.Release|Any CPU.ActiveCfg = Release|Any CPU
		{19E686CA-95D1-45EC-8EBE-A8B7E0E8D642}.Release|Any CPU.Build.0 = Release|Any CPU
	EndGlobalSection
	GlobalSection(SolutionProperties) = preSolution
		HideSolutionNode = FALSE
	EndGlobalSection
	GlobalSection(ExtensibilityGlobals) = postSolution
		SolutionGuid = {17BD9B69-0D5E-4A92-AE5C-7DF0638378D8}
	EndGlobalSection
EndGlobal
